// !$*UTF8*$!
{
	archiveVersion = 1;
	classes = {
	};
	objectVersion = 56;
	objects = {

/* Begin PBXBuildFile section */
		234F9AB429E49117007774FD /* CoferenceAppApp.swift in Sources */ = {isa = PBXBuildFile; fileRef = 234F9AB329E49117007774FD /* CoferenceAppApp.swift */; };
		234F9AB629E49117007774FD /* ContentView.swift in Sources */ = {isa = PBXBuildFile; fileRef = 234F9AB529E49117007774FD /* ContentView.swift */; };
		234F9AB829E49119007774FD /* Assets.xcassets in Resources */ = {isa = PBXBuildFile; fileRef = 234F9AB729E49119007774FD /* Assets.xcassets */; };
		234F9ABB29E49119007774FD /* Preview Assets.xcassets in Resources */ = {isa = PBXBuildFile; fileRef = 234F9ABA29E49119007774FD /* Preview Assets.xcassets */; };
		234F9AC329E4918F007774FD /* Home.swift in Sources */ = {isa = PBXBuildFile; fileRef = 234F9AC229E4918F007774FD /* Home.swift */; };
		234F9AC529E4919A007774FD /* Events.swift in Sources */ = {isa = PBXBuildFile; fileRef = 234F9AC429E4919A007774FD /* Events.swift */; };
		234F9AC729E491A9007774FD /* Profile.swift in Sources */ = {isa = PBXBuildFile; fileRef = 234F9AC629E491A9007774FD /* Profile.swift */; };
		234F9AC929E491B5007774FD /* Maps.swift in Sources */ = {isa = PBXBuildFile; fileRef = 234F9AC829E491B5007774FD /* Maps.swift */; };
		234F9ACB29E491C0007774FD /* AroundMe.swift in Sources */ = {isa = PBXBuildFile; fileRef = 234F9ACA29E491C0007774FD /* AroundMe.swift */; };
		234F9AD029E492EE007774FD /* Event.swift in Sources */ = {isa = PBXBuildFile; fileRef = 234F9ACF29E492EE007774FD /* Event.swift */; };
		234F9AD229E49355007774FD /* News.swift in Sources */ = {isa = PBXBuildFile; fileRef = 234F9AD129E49355007774FD /* News.swift */; };
		234F9AD429E493A6007774FD /* ColorsTheme.swift in Sources */ = {isa = PBXBuildFile; fileRef = 234F9AD329E493A6007774FD /* ColorsTheme.swift */; };
		234F9AD629E493E0007774FD /* Countries.swift in Sources */ = {isa = PBXBuildFile; fileRef = 234F9AD529E493E0007774FD /* Countries.swift */; };
		234F9AD829E49D7F007774FD /* ColorPage.swift in Sources */ = {isa = PBXBuildFile; fileRef = 234F9AD729E49D7F007774FD /* ColorPage.swift */; };
		234F9ADA29E4D33A007774FD /* EventCard.swift in Sources */ = {isa = PBXBuildFile; fileRef = 234F9AD929E4D33A007774FD /* EventCard.swift */; };
		23C7CF3529E5AD5300111FDD /* ThemeManager.swift in Sources */ = {isa = PBXBuildFile; fileRef = 23C7CF3429E5AD5300111FDD /* ThemeManager.swift */; };
		23C7CF3729E5B3EF00111FDD /* ParkLocation.swift in Sources */ = {isa = PBXBuildFile; fileRef = 23C7CF3629E5B3EF00111FDD /* ParkLocation.swift */; };
		3024AE5929E4A01E00641A1F /* NewsItem.swift in Sources */ = {isa = PBXBuildFile; fileRef = 3024AE5829E4A01E00641A1F /* NewsItem.swift */; };
		3024AE6529E5F30400641A1F /* About.swift in Sources */ = {isa = PBXBuildFile; fileRef = 3024AE6429E5F30400641A1F /* About.swift */; };
		3024AE6729E5F32900641A1F /* AboutCard.swift in Sources */ = {isa = PBXBuildFile; fileRef = 3024AE6629E5F32900641A1F /* AboutCard.swift */; };
		3024AE6929E5F33300641A1F /* AboutCardBack.swift in Sources */ = {isa = PBXBuildFile; fileRef = 3024AE6829E5F33300641A1F /* AboutCardBack.swift */; };
		3024AE6B29E5F33A00641A1F /* FlippableCard.swift in Sources */ = {isa = PBXBuildFile; fileRef = 3024AE6A29E5F33A00641A1F /* FlippableCard.swift */; };
		6F93CFDA29E49D8100D842DB /* countries.json in Resources */ = {isa = PBXBuildFile; fileRef = 6F93CFD929E49D8100D842DB /* countries.json */; };
		6F93CFDE29E4A21E00D842DB /* Memoji.swift in Sources */ = {isa = PBXBuildFile; fileRef = 6F93CFDD29E4A21E00D842DB /* Memoji.swift */; };
		6F93CFE029E4A22F00D842DB /* QRcode.swift in Sources */ = {isa = PBXBuildFile; fileRef = 6F93CFDF29E4A22F00D842DB /* QRcode.swift */; };
		6F93CFE429E4B68300D842DB /* memoji.png in Resources */ = {isa = PBXBuildFile; fileRef = 6F93CFE329E4B68300D842DB /* memoji.png */; };
		6F93CFEE29E5039400D842DB /* Nationality.swift in Sources */ = {isa = PBXBuildFile; fileRef = 6F93CFED29E5039400D842DB /* Nationality.swift */; };
		6F93CFF029E5046C00D842DB /* Group.png in Resources */ = {isa = PBXBuildFile; fileRef = 6F93CFEF29E5046C00D842DB /* Group.png */; };
		6F93CFF229E5DB4800D842DB /* Number.swift in Sources */ = {isa = PBXBuildFile; fileRef = 6F93CFF129E5DB4800D842DB /* Number.swift */; };
		6FC8E30129E5F95C00098654 /* EnterCode.swift in Sources */ = {isa = PBXBuildFile; fileRef = 6FC8E30029E5F95C00098654 /* EnterCode.swift */; };
/* End PBXBuildFile section */

/* Begin PBXFileReference section */
		234F9AB029E49117007774FD /* CoferenceApp.app */ = {isa = PBXFileReference; explicitFileType = wrapper.application; includeInIndex = 0; path = CoferenceApp.app; sourceTree = BUILT_PRODUCTS_DIR; };
		234F9AB329E49117007774FD /* CoferenceAppApp.swift */ = {isa = PBXFileReference; lastKnownFileType = sourcecode.swift; path = CoferenceAppApp.swift; sourceTree = "<group>"; };
		234F9AB529E49117007774FD /* ContentView.swift */ = {isa = PBXFileReference; lastKnownFileType = sourcecode.swift; path = ContentView.swift; sourceTree = "<group>"; };
		234F9AB729E49119007774FD /* Assets.xcassets */ = {isa = PBXFileReference; lastKnownFileType = folder.assetcatalog; path = Assets.xcassets; sourceTree = "<group>"; };
		234F9ABA29E49119007774FD /* Preview Assets.xcassets */ = {isa = PBXFileReference; lastKnownFileType = folder.assetcatalog; path = "Preview Assets.xcassets"; sourceTree = "<group>"; };
		234F9AC229E4918F007774FD /* Home.swift */ = {isa = PBXFileReference; lastKnownFileType = sourcecode.swift; path = Home.swift; sourceTree = "<group>"; };
		234F9AC429E4919A007774FD /* Events.swift */ = {isa = PBXFileReference; lastKnownFileType = sourcecode.swift; path = Events.swift; sourceTree = "<group>"; };
		234F9AC629E491A9007774FD /* Profile.swift */ = {isa = PBXFileReference; lastKnownFileType = sourcecode.swift; path = Profile.swift; sourceTree = "<group>"; };
		234F9AC829E491B5007774FD /* Maps.swift */ = {isa = PBXFileReference; lastKnownFileType = sourcecode.swift; path = Maps.swift; sourceTree = "<group>"; };
		234F9ACA29E491C0007774FD /* AroundMe.swift */ = {isa = PBXFileReference; lastKnownFileType = sourcecode.swift; path = AroundMe.swift; sourceTree = "<group>"; };
		234F9ACF29E492EE007774FD /* Event.swift */ = {isa = PBXFileReference; lastKnownFileType = sourcecode.swift; path = Event.swift; sourceTree = "<group>"; };
		234F9AD129E49355007774FD /* News.swift */ = {isa = PBXFileReference; lastKnownFileType = sourcecode.swift; path = News.swift; sourceTree = "<group>"; };
		234F9AD329E493A6007774FD /* ColorsTheme.swift */ = {isa = PBXFileReference; lastKnownFileType = sourcecode.swift; path = ColorsTheme.swift; sourceTree = "<group>"; };
		234F9AD529E493E0007774FD /* Countries.swift */ = {isa = PBXFileReference; lastKnownFileType = sourcecode.swift; path = Countries.swift; sourceTree = "<group>"; };
		234F9AD729E49D7F007774FD /* ColorPage.swift */ = {isa = PBXFileReference; lastKnownFileType = sourcecode.swift; path = ColorPage.swift; sourceTree = "<group>"; };
		234F9AD929E4D33A007774FD /* EventCard.swift */ = {isa = PBXFileReference; lastKnownFileType = sourcecode.swift; path = EventCard.swift; sourceTree = "<group>"; };
		23C7CF3429E5AD5300111FDD /* ThemeManager.swift */ = {isa = PBXFileReference; lastKnownFileType = sourcecode.swift; path = ThemeManager.swift; sourceTree = "<group>"; };
		23C7CF3629E5B3EF00111FDD /* ParkLocation.swift */ = {isa = PBXFileReference; lastKnownFileType = sourcecode.swift; path = ParkLocation.swift; sourceTree = "<group>"; };
		3024AE5829E4A01E00641A1F /* NewsItem.swift */ = {isa = PBXFileReference; lastKnownFileType = sourcecode.swift; path = NewsItem.swift; sourceTree = SOURCE_ROOT; };
		3024AE6429E5F30400641A1F /* About.swift */ = {isa = PBXFileReference; fileEncoding = 4; lastKnownFileType = sourcecode.swift; path = About.swift; sourceTree = "<group>"; };
		3024AE6629E5F32900641A1F /* AboutCard.swift */ = {isa = PBXFileReference; fileEncoding = 4; lastKnownFileType = sourcecode.swift; path = AboutCard.swift; sourceTree = "<group>"; };
		3024AE6829E5F33300641A1F /* AboutCardBack.swift */ = {isa = PBXFileReference; fileEncoding = 4; lastKnownFileType = sourcecode.swift; path = AboutCardBack.swift; sourceTree = "<group>"; };
		3024AE6A29E5F33A00641A1F /* FlippableCard.swift */ = {isa = PBXFileReference; fileEncoding = 4; lastKnownFileType = sourcecode.swift; path = FlippableCard.swift; sourceTree = "<group>"; };
		6F93CFD929E49D8100D842DB /* countries.json */ = {isa = PBXFileReference; lastKnownFileType = text.json; path = countries.json; sourceTree = "<group>"; };
		6F93CFDD29E4A21E00D842DB /* Memoji.swift */ = {isa = PBXFileReference; lastKnownFileType = sourcecode.swift; path = Memoji.swift; sourceTree = SOURCE_ROOT; };
		6F93CFDF29E4A22F00D842DB /* QRcode.swift */ = {isa = PBXFileReference; lastKnownFileType = sourcecode.swift; path = QRcode.swift; sourceTree = SOURCE_ROOT; };
		6F93CFE329E4B68300D842DB /* memoji.png */ = {isa = PBXFileReference; lastKnownFileType = image.png; path = memoji.png; sourceTree = "<group>"; };
		6F93CFED29E5039400D842DB /* Nationality.swift */ = {isa = PBXFileReference; lastKnownFileType = sourcecode.swift; path = Nationality.swift; sourceTree = "<group>"; };
		6F93CFEF29E5046C00D842DB /* Group.png */ = {isa = PBXFileReference; lastKnownFileType = image.png; path = Group.png; sourceTree = "<group>"; };
		6F93CFF129E5DB4800D842DB /* Number.swift */ = {isa = PBXFileReference; lastKnownFileType = sourcecode.swift; path = Number.swift; sourceTree = "<group>"; };
		6FC8E30029E5F95C00098654 /* EnterCode.swift */ = {isa = PBXFileReference; lastKnownFileType = sourcecode.swift; path = EnterCode.swift; sourceTree = "<group>"; };
/* End PBXFileReference section */

/* Begin PBXFrameworksBuildPhase section */
		234F9AAD29E49117007774FD /* Frameworks */ = {
			isa = PBXFrameworksBuildPhase;
			buildActionMask = 2147483647;
			files = (
			);
			runOnlyForDeploymentPostprocessing = 0;
		};
/* End PBXFrameworksBuildPhase section */

/* Begin PBXGroup section */
		234F9AA729E49117007774FD = {
			isa = PBXGroup;
			children = (
				6F93CFD929E49D8100D842DB /* countries.json */,
				234F9AB229E49117007774FD /* CoferenceApp */,
				234F9AB129E49117007774FD /* Products */,
			);
			sourceTree = "<group>";
		};
		234F9AB129E49117007774FD /* Products */ = {
			isa = PBXGroup;
			children = (
				234F9AB029E49117007774FD /* CoferenceApp.app */,
			);
			name = Products;
			sourceTree = "<group>";
		};
		234F9AB229E49117007774FD /* CoferenceApp */ = {
			isa = PBXGroup;
			children = (
				234F9ACE29E492C6007774FD /* Model */,
				234F9ACD29E49292007774FD /* Onboarding */,
				234F9ACC29E4926D007774FD /* Components */,
				234F9AC129E49166007774FD /* Pages */,
				234F9AB329E49117007774FD /* CoferenceAppApp.swift */,
				234F9AB529E49117007774FD /* ContentView.swift */,
				234F9AB729E49119007774FD /* Assets.xcassets */,
				6F93CFEF29E5046C00D842DB /* Group.png */,
				6F93CFE329E4B68300D842DB /* memoji.png */,
				234F9AB929E49119007774FD /* Preview Content */,
			);
			path = CoferenceApp;
			sourceTree = "<group>";
		};
		234F9AB929E49119007774FD /* Preview Content */ = {
			isa = PBXGroup;
			children = (
				234F9ABA29E49119007774FD /* Preview Assets.xcassets */,
			);
			path = "Preview Content";
			sourceTree = "<group>";
		};
		234F9AC129E49166007774FD /* Pages */ = {
			isa = PBXGroup;
			children = (
				3024AE6429E5F30400641A1F /* About.swift */,
				234F9AC229E4918F007774FD /* Home.swift */,
				234F9AC429E4919A007774FD /* Events.swift */,
				234F9AC629E491A9007774FD /* Profile.swift */,
				234F9AC829E491B5007774FD /* Maps.swift */,
				234F9ACA29E491C0007774FD /* AroundMe.swift */,
			);
			path = Pages;
			sourceTree = "<group>";
		};
		234F9ACC29E4926D007774FD /* Components */ = {
			isa = PBXGroup;
			children = (
				3024AE6A29E5F33A00641A1F /* FlippableCard.swift */,
				3024AE6829E5F33300641A1F /* AboutCardBack.swift */,
				3024AE6629E5F32900641A1F /* AboutCard.swift */,
				3024AE5829E4A01E00641A1F /* NewsItem.swift */,
				234F9AD929E4D33A007774FD /* EventCard.swift */,
			);
			path = Components;
			sourceTree = "<group>";
		};
		234F9ACD29E49292007774FD /* Onboarding */ = {
			isa = PBXGroup;
			children = (
				6F93CFDF29E4A22F00D842DB /* QRcode.swift */,
				6F93CFED29E5039400D842DB /* Nationality.swift */,
				6F93CFF129E5DB4800D842DB /* Number.swift */,
				6FC8E30029E5F95C00098654 /* EnterCode.swift */,
				6F93CFDD29E4A21E00D842DB /* Memoji.swift */,
				234F9AD729E49D7F007774FD /* ColorPage.swift */,
			);
			path = Onboarding;
			sourceTree = "<group>";
		};
		234F9ACE29E492C6007774FD /* Model */ = {
			isa = PBXGroup;
			children = (
				234F9ACF29E492EE007774FD /* Event.swift */,
				234F9AD129E49355007774FD /* News.swift */,
				234F9AD329E493A6007774FD /* ColorsTheme.swift */,
				234F9AD529E493E0007774FD /* Countries.swift */,
				23C7CF3429E5AD5300111FDD /* ThemeManager.swift */,
				23C7CF3629E5B3EF00111FDD /* ParkLocation.swift */,
			);
			path = Model;
			sourceTree = "<group>";
		};
/* End PBXGroup section */

/* Begin PBXNativeTarget section */
		234F9AAF29E49117007774FD /* CoferenceApp */ = {
			isa = PBXNativeTarget;
			buildConfigurationList = 234F9ABE29E49119007774FD /* Build configuration list for PBXNativeTarget "CoferenceApp" */;
			buildPhases = (
				234F9AAC29E49117007774FD /* Sources */,
				234F9AAD29E49117007774FD /* Frameworks */,
				234F9AAE29E49117007774FD /* Resources */,
			);
			buildRules = (
			);
			dependencies = (
			);
			name = CoferenceApp;
			productName = CoferenceApp;
			productReference = 234F9AB029E49117007774FD /* CoferenceApp.app */;
			productType = "com.apple.product-type.application";
		};
/* End PBXNativeTarget section */

/* Begin PBXProject section */
		234F9AA829E49117007774FD /* Project object */ = {
			isa = PBXProject;
			attributes = {
				BuildIndependentTargetsInParallel = 1;
				LastSwiftUpdateCheck = 1420;
				LastUpgradeCheck = 1420;
				TargetAttributes = {
					234F9AAF29E49117007774FD = {
						CreatedOnToolsVersion = 14.2;
					};
				};
			};
			buildConfigurationList = 234F9AAB29E49117007774FD /* Build configuration list for PBXProject "CoferenceApp" */;
			compatibilityVersion = "Xcode 14.0";
			developmentRegion = en;
			hasScannedForEncodings = 0;
			knownRegions = (
				en,
				Base,
			);
			mainGroup = 234F9AA729E49117007774FD;
			productRefGroup = 234F9AB129E49117007774FD /* Products */;
			projectDirPath = "";
			projectRoot = "";
			targets = (
				234F9AAF29E49117007774FD /* CoferenceApp */,
			);
		};
/* End PBXProject section */

/* Begin PBXResourcesBuildPhase section */
		234F9AAE29E49117007774FD /* Resources */ = {
			isa = PBXResourcesBuildPhase;
			buildActionMask = 2147483647;
			files = (
				6F93CFDA29E49D8100D842DB /* countries.json in Resources */,
				6F93CFF029E5046C00D842DB /* Group.png in Resources */,
				234F9ABB29E49119007774FD /* Preview Assets.xcassets in Resources */,
				6F93CFE429E4B68300D842DB /* memoji.png in Resources */,
				234F9AB829E49119007774FD /* Assets.xcassets in Resources */,
			);
			runOnlyForDeploymentPostprocessing = 0;
		};
/* End PBXResourcesBuildPhase section */

/* Begin PBXSourcesBuildPhase section */
		234F9AAC29E49117007774FD /* Sources */ = {
			isa = PBXSourcesBuildPhase;
			buildActionMask = 2147483647;
			files = (
				234F9AD629E493E0007774FD /* Countries.swift in Sources */,
				3024AE6729E5F32900641A1F /* AboutCard.swift in Sources */,
				3024AE5929E4A01E00641A1F /* NewsItem.swift in Sources */,
				234F9AD029E492EE007774FD /* Event.swift in Sources */,
				234F9AD829E49D7F007774FD /* ColorPage.swift in Sources */,
				234F9ACB29E491C0007774FD /* AroundMe.swift in Sources */,
				23C7CF3729E5B3EF00111FDD /* ParkLocation.swift in Sources */,
				3024AE6B29E5F33A00641A1F /* FlippableCard.swift in Sources */,
				234F9AC529E4919A007774FD /* Events.swift in Sources */,
				6F93CFE029E4A22F00D842DB /* QRcode.swift in Sources */,
				6F93CFF229E5DB4800D842DB /* Number.swift in Sources */,
				234F9AD229E49355007774FD /* News.swift in Sources */,
				234F9AC729E491A9007774FD /* Profile.swift in Sources */,
				3024AE6929E5F33300641A1F /* AboutCardBack.swift in Sources */,
				234F9AC929E491B5007774FD /* Maps.swift in Sources */,
				234F9AB629E49117007774FD /* ContentView.swift in Sources */,
				6F93CFDE29E4A21E00D842DB /* Memoji.swift in Sources */,
				6F93CFEE29E5039400D842DB /* Nationality.swift in Sources */,
				234F9AD429E493A6007774FD /* ColorsTheme.swift in Sources */,
				234F9AC329E4918F007774FD /* Home.swift in Sources */,
				234F9AB429E49117007774FD /* CoferenceAppApp.swift in Sources */,
				234F9ADA29E4D33A007774FD /* EventCard.swift in Sources */,
				6FC8E30129E5F95C00098654 /* EnterCode.swift in Sources */,
				3024AE6529E5F30400641A1F /* About.swift in Sources */,
				23C7CF3529E5AD5300111FDD /* ThemeManager.swift in Sources */,
			);
			runOnlyForDeploymentPostprocessing = 0;
		};
/* End PBXSourcesBuildPhase section */

/* Begin XCBuildConfiguration section */
		234F9ABC29E49119007774FD /* Debug */ = {
			isa = XCBuildConfiguration;
			buildSettings = {
				ALWAYS_SEARCH_USER_PATHS = NO;
				CLANG_ANALYZER_NONNULL = YES;
				CLANG_ANALYZER_NUMBER_OBJECT_CONVERSION = YES_AGGRESSIVE;
				CLANG_CXX_LANGUAGE_STANDARD = "gnu++20";
				CLANG_ENABLE_MODULES = YES;
				CLANG_ENABLE_OBJC_ARC = YES;
				CLANG_ENABLE_OBJC_WEAK = YES;
				CLANG_WARN_BLOCK_CAPTURE_AUTORELEASING = YES;
				CLANG_WARN_BOOL_CONVERSION = YES;
				CLANG_WARN_COMMA = YES;
				CLANG_WARN_CONSTANT_CONVERSION = YES;
				CLANG_WARN_DEPRECATED_OBJC_IMPLEMENTATIONS = YES;
				CLANG_WARN_DIRECT_OBJC_ISA_USAGE = YES_ERROR;
				CLANG_WARN_DOCUMENTATION_COMMENTS = YES;
				CLANG_WARN_EMPTY_BODY = YES;
				CLANG_WARN_ENUM_CONVERSION = YES;
				CLANG_WARN_INFINITE_RECURSION = YES;
				CLANG_WARN_INT_CONVERSION = YES;
				CLANG_WARN_NON_LITERAL_NULL_CONVERSION = YES;
				CLANG_WARN_OBJC_IMPLICIT_RETAIN_SELF = YES;
				CLANG_WARN_OBJC_LITERAL_CONVERSION = YES;
				CLANG_WARN_OBJC_ROOT_CLASS = YES_ERROR;
				CLANG_WARN_QUOTED_INCLUDE_IN_FRAMEWORK_HEADER = YES;
				CLANG_WARN_RANGE_LOOP_ANALYSIS = YES;
				CLANG_WARN_STRICT_PROTOTYPES = YES;
				CLANG_WARN_SUSPICIOUS_MOVE = YES;
				CLANG_WARN_UNGUARDED_AVAILABILITY = YES_AGGRESSIVE;
				CLANG_WARN_UNREACHABLE_CODE = YES;
				CLANG_WARN__DUPLICATE_METHOD_MATCH = YES;
				COPY_PHASE_STRIP = NO;
				DEBUG_INFORMATION_FORMAT = dwarf;
				ENABLE_STRICT_OBJC_MSGSEND = YES;
				ENABLE_TESTABILITY = YES;
				GCC_C_LANGUAGE_STANDARD = gnu11;
				GCC_DYNAMIC_NO_PIC = NO;
				GCC_NO_COMMON_BLOCKS = YES;
				GCC_OPTIMIZATION_LEVEL = 0;
				GCC_PREPROCESSOR_DEFINITIONS = (
					"DEBUG=1",
					"$(inherited)",
				);
				GCC_WARN_64_TO_32_BIT_CONVERSION = YES;
				GCC_WARN_ABOUT_RETURN_TYPE = YES_ERROR;
				GCC_WARN_UNDECLARED_SELECTOR = YES;
				GCC_WARN_UNINITIALIZED_AUTOS = YES_AGGRESSIVE;
				GCC_WARN_UNUSED_FUNCTION = YES;
				GCC_WARN_UNUSED_VARIABLE = YES;
				IPHONEOS_DEPLOYMENT_TARGET = 16.2;
				MTL_ENABLE_DEBUG_INFO = INCLUDE_SOURCE;
				MTL_FAST_MATH = YES;
				ONLY_ACTIVE_ARCH = YES;
				SDKROOT = iphoneos;
				SWIFT_ACTIVE_COMPILATION_CONDITIONS = DEBUG;
				SWIFT_OPTIMIZATION_LEVEL = "-Onone";
			};
			name = Debug;
		};
		234F9ABD29E49119007774FD /* Release */ = {
			isa = XCBuildConfiguration;
			buildSettings = {
				ALWAYS_SEARCH_USER_PATHS = NO;
				CLANG_ANALYZER_NONNULL = YES;
				CLANG_ANALYZER_NUMBER_OBJECT_CONVERSION = YES_AGGRESSIVE;
				CLANG_CXX_LANGUAGE_STANDARD = "gnu++20";
				CLANG_ENABLE_MODULES = YES;
				CLANG_ENABLE_OBJC_ARC = YES;
				CLANG_ENABLE_OBJC_WEAK = YES;
				CLANG_WARN_BLOCK_CAPTURE_AUTORELEASING = YES;
				CLANG_WARN_BOOL_CONVERSION = YES;
				CLANG_WARN_COMMA = YES;
				CLANG_WARN_CONSTANT_CONVERSION = YES;
				CLANG_WARN_DEPRECATED_OBJC_IMPLEMENTATIONS = YES;
				CLANG_WARN_DIRECT_OBJC_ISA_USAGE = YES_ERROR;
				CLANG_WARN_DOCUMENTATION_COMMENTS = YES;
				CLANG_WARN_EMPTY_BODY = YES;
				CLANG_WARN_ENUM_CONVERSION = YES;
				CLANG_WARN_INFINITE_RECURSION = YES;
				CLANG_WARN_INT_CONVERSION = YES;
				CLANG_WARN_NON_LITERAL_NULL_CONVERSION = YES;
				CLANG_WARN_OBJC_IMPLICIT_RETAIN_SELF = YES;
				CLANG_WARN_OBJC_LITERAL_CONVERSION = YES;
				CLANG_WARN_OBJC_ROOT_CLASS = YES_ERROR;
				CLANG_WARN_QUOTED_INCLUDE_IN_FRAMEWORK_HEADER = YES;
				CLANG_WARN_RANGE_LOOP_ANALYSIS = YES;
				CLANG_WARN_STRICT_PROTOTYPES = YES;
				CLANG_WARN_SUSPICIOUS_MOVE = YES;
				CLANG_WARN_UNGUARDED_AVAILABILITY = YES_AGGRESSIVE;
				CLANG_WARN_UNREACHABLE_CODE = YES;
				CLANG_WARN__DUPLICATE_METHOD_MATCH = YES;
				COPY_PHASE_STRIP = NO;
				DEBUG_INFORMATION_FORMAT = "dwarf-with-dsym";
				ENABLE_NS_ASSERTIONS = NO;
				ENABLE_STRICT_OBJC_MSGSEND = YES;
				GCC_C_LANGUAGE_STANDARD = gnu11;
				GCC_NO_COMMON_BLOCKS = YES;
				GCC_WARN_64_TO_32_BIT_CONVERSION = YES;
				GCC_WARN_ABOUT_RETURN_TYPE = YES_ERROR;
				GCC_WARN_UNDECLARED_SELECTOR = YES;
				GCC_WARN_UNINITIALIZED_AUTOS = YES_AGGRESSIVE;
				GCC_WARN_UNUSED_FUNCTION = YES;
				GCC_WARN_UNUSED_VARIABLE = YES;
				IPHONEOS_DEPLOYMENT_TARGET = 16.2;
				MTL_ENABLE_DEBUG_INFO = NO;
				MTL_FAST_MATH = YES;
				SDKROOT = iphoneos;
				SWIFT_COMPILATION_MODE = wholemodule;
				SWIFT_OPTIMIZATION_LEVEL = "-O";
				VALIDATE_PRODUCT = YES;
			};
			name = Release;
		};
		234F9ABF29E49119007774FD /* Debug */ = {
			isa = XCBuildConfiguration;
			buildSettings = {
				ASSETCATALOG_COMPILER_APPICON_NAME = AppIcon;
				ASSETCATALOG_COMPILER_GLOBAL_ACCENT_COLOR_NAME = AccentColor;
				CODE_SIGN_STYLE = Automatic;
				CURRENT_PROJECT_VERSION = 1;
				DEVELOPMENT_ASSET_PATHS = "\"CoferenceApp/Preview Content\"";
				DEVELOPMENT_TEAM = 3Z8B7D9ZQ7;
				ENABLE_PREVIEWS = YES;
				GENERATE_INFOPLIST_FILE = YES;
				INFOPLIST_KEY_UIApplicationSceneManifest_Generation = YES;
				INFOPLIST_KEY_UIApplicationSupportsIndirectInputEvents = YES;
				INFOPLIST_KEY_UILaunchScreen_Generation = YES;
				INFOPLIST_KEY_UISupportedInterfaceOrientations_iPad = "UIInterfaceOrientationPortrait UIInterfaceOrientationPortraitUpsideDown UIInterfaceOrientationLandscapeLeft UIInterfaceOrientationLandscapeRight";
				INFOPLIST_KEY_UISupportedInterfaceOrientations_iPhone = "UIInterfaceOrientationPortrait UIInterfaceOrientationLandscapeLeft UIInterfaceOrientationLandscapeRight";
				LD_RUNPATH_SEARCH_PATHS = (
					"$(inherited)",
					"@executable_path/Frameworks",
				);
				MARKETING_VERSION = 1.0;
				PRODUCT_BUNDLE_IDENTIFIER = madu.CoferenceApp;
				PRODUCT_NAME = "$(TARGET_NAME)";
				SWIFT_EMIT_LOC_STRINGS = YES;
				SWIFT_VERSION = 5.0;
				TARGETED_DEVICE_FAMILY = "1,2";
			};
			name = Debug;
		};
		234F9AC029E49119007774FD /* Release */ = {
			isa = XCBuildConfiguration;
			buildSettings = {
				ASSETCATALOG_COMPILER_APPICON_NAME = AppIcon;
				ASSETCATALOG_COMPILER_GLOBAL_ACCENT_COLOR_NAME = AccentColor;
				CODE_SIGN_STYLE = Automatic;
				CURRENT_PROJECT_VERSION = 1;
				DEVELOPMENT_ASSET_PATHS = "\"CoferenceApp/Preview Content\"";
				DEVELOPMENT_TEAM = 3Z8B7D9ZQ7;
				ENABLE_PREVIEWS = YES;
				GENERATE_INFOPLIST_FILE = YES;
				INFOPLIST_KEY_UIApplicationSceneManifest_Generation = YES;
				INFOPLIST_KEY_UIApplicationSupportsIndirectInputEvents = YES;
				INFOPLIST_KEY_UILaunchScreen_Generation = YES;
				INFOPLIST_KEY_UISupportedInterfaceOrientations_iPad = "UIInterfaceOrientationPortrait UIInterfaceOrientationPortraitUpsideDown UIInterfaceOrientationLandscapeLeft UIInterfaceOrientationLandscapeRight";
				INFOPLIST_KEY_UISupportedInterfaceOrientations_iPhone = "UIInterfaceOrientationPortrait UIInterfaceOrientationLandscapeLeft UIInterfaceOrientationLandscapeRight";
				LD_RUNPATH_SEARCH_PATHS = (
					"$(inherited)",
					"@executable_path/Frameworks",
				);
				MARKETING_VERSION = 1.0;
				PRODUCT_BUNDLE_IDENTIFIER = madu.CoferenceApp;
				PRODUCT_NAME = "$(TARGET_NAME)";
				SWIFT_EMIT_LOC_STRINGS = YES;
				SWIFT_VERSION = 5.0;
				TARGETED_DEVICE_FAMILY = "1,2";
			};
			name = Release;
		};
/* End XCBuildConfiguration section */

/* Begin XCConfigurationList section */
		234F9AAB29E49117007774FD /* Build configuration list for PBXProject "CoferenceApp" */ = {
			isa = XCConfigurationList;
			buildConfigurations = (
				234F9ABC29E49119007774FD /* Debug */,
				234F9ABD29E49119007774FD /* Release */,
			);
			defaultConfigurationIsVisible = 0;
			defaultConfigurationName = Release;
		};
		234F9ABE29E49119007774FD /* Build configuration list for PBXNativeTarget "CoferenceApp" */ = {
			isa = XCConfigurationList;
			buildConfigurations = (
				234F9ABF29E49119007774FD /* Debug */,
				234F9AC029E49119007774FD /* Release */,
			);
			defaultConfigurationIsVisible = 0;
			defaultConfigurationName = Release;
		};
/* End XCConfigurationList section */
	};
	rootObject = 234F9AA829E49117007774FD /* Project object */;
}
